
Microsoft Visual Studio Solution File, Format Version 12.00
# Visual Studio 15
Project("{FAE04EC0-301F-11D3-BF4B-00C04F79EFBC}") = "Assembly-CSharp", "Assembly-CSharp.csproj", "{3EA8DFEE-2222-1503-AD9E-1DD3AD70973A}"
EndProject
Project("{FAE04EC0-301F-11D3-BF4B-00C04F79EFBC}") = "Assembly-CSharp-Editor", "Assembly-CSharp-Editor.csproj", "{5D322C5F-C7B5-F3A8-0E54-2A933FD93B64}"
EndProject
Global
	GlobalSection(SolutionConfigurationPlatforms) = preSolution
		Debug|Any CPU = Debug|Any CPU
		Release|Any CPU = Release|Any CPU
	EndGlobalSection
	GlobalSection(ProjectConfigurationPlatforms) = postSolution
		{3EA8DFEE-2222-1503-AD9E-1DD3AD70973A}.Debug|Any CPU.ActiveCfg = Debug|Any CPU
		{3EA8DFEE-2222-1503-AD9E-1DD3AD70973A}.Debug|Any CPU.Build.0 = Debug|Any CPU
		{3EA8DFEE-2222-1503-AD9E-1DD3AD70973A}.Release|Any CPU.ActiveCfg = Release|Any CPU
		{3EA8DFEE-2222-1503-AD9E-1DD3AD70973A}.Release|Any CPU.Build.0 = Release|Any CPU
		{5D322C5F-C7B5-F3A8-0E54-2A933FD93B64}.Debug|Any CPU.ActiveCfg = Debug|Any CPU
		{5D322C5F-C7B5-F3A8-0E54-2A933FD93B64}.Debug|Any CPU.Build.0 = Debug|Any CPU
		{5D322C5F-C7B5-F3A8-0E54-2A933FD93B64}.Release|Any CPU.ActiveCfg = Release|Any CPU
		{5D322C5F-C7B5-F3A8-0E54-2A933FD93B64}.Release|Any CPU.Build.0 = Release|Any CPU
	EndGlobalSection
	GlobalSection(SolutionProperties) = preSolution
		HideSolutionNode = FALSE
	EndGlobalSection
EndGlobal
